// !$*UTF8*$!
{
	archiveVersion = 1;
	classes = {
	};
	objectVersion = 50;
	objects = {

/* Begin PBXBuildFile section */
		27B8D51D258E6ACE00C5427C /* MultiplicationTables_SwiftUIApp.swift in Sources */ = {isa = PBXBuildFile; fileRef = 27B8D51C258E6ACE00C5427C /* MultiplicationTables_SwiftUIApp.swift */; };
		27B8D51F258E6ACE00C5427C /* ContentView.swift in Sources */ = {isa = PBXBuildFile; fileRef = 27B8D51E258E6ACE00C5427C /* ContentView.swift */; };
		27B8D521258E6ACF00C5427C /* Assets.xcassets in Resources */ = {isa = PBXBuildFile; fileRef = 27B8D520258E6ACF00C5427C /* Assets.xcassets */; };
		27B8D524258E6ACF00C5427C /* Preview Assets.xcassets in Resources */ = {isa = PBXBuildFile; fileRef = 27B8D523258E6ACF00C5427C /* Preview Assets.xcassets */; };
		27B8D55F258E6F6E00C5427C /* Question.swift in Sources */ = {isa = PBXBuildFile; fileRef = 27B8D553258E6F6E00C5427C /* Question.swift */; };
		27B8D560258E6F6E00C5427C /* OutlineButtonStyle.swift in Sources */ = {isa = PBXBuildFile; fileRef = 27B8D555258E6F6E00C5427C /* OutlineButtonStyle.swift */; };
		27B8D561258E6F6E00C5427C /* MTRadio.swift in Sources */ = {isa = PBXBuildFile; fileRef = 27B8D557258E6F6E00C5427C /* MTRadio.swift */; };
		27B8D562258E6F6E00C5427C /* MTCheckbox.swift in Sources */ = {isa = PBXBuildFile; fileRef = 27B8D558258E6F6E00C5427C /* MTCheckbox.swift */; };
		27B8D563258E6F6E00C5427C /* SelectView.swift in Sources */ = {isa = PBXBuildFile; fileRef = 27B8D55A258E6F6E00C5427C /* SelectView.swift */; };
		27B8D564258E6F6E00C5427C /* ResultView.swift in Sources */ = {isa = PBXBuildFile; fileRef = 27B8D55B258E6F6E00C5427C /* ResultView.swift */; };
		27B8D565258E6F6E00C5427C /* QuizView.swift in Sources */ = {isa = PBXBuildFile; fileRef = 27B8D55C258E6F6E00C5427C /* QuizView.swift */; };
		27B8D566258E6F6E00C5427C /* View.swift in Sources */ = {isa = PBXBuildFile; fileRef = 27B8D55E258E6F6E00C5427C /* View.swift */; };
/* End PBXBuildFile section */

/* Begin PBXFileReference section */
		27B8D519258E6ACE00C5427C /* MultiplicationTables-SwiftUI.app */ = {isa = PBXFileReference; explicitFileType = wrapper.application; includeInIndex = 0; path = "MultiplicationTables-SwiftUI.app"; sourceTree = BUILT_PRODUCTS_DIR; };
		27B8D51C258E6ACE00C5427C /* MultiplicationTables_SwiftUIApp.swift */ = {isa = PBXFileReference; lastKnownFileType = sourcecode.swift; path = MultiplicationTables_SwiftUIApp.swift; sourceTree = "<group>"; };
		27B8D51E258E6ACE00C5427C /* ContentView.swift */ = {isa = PBXFileReference; lastKnownFileType = sourcecode.swift; path = ContentView.swift; sourceTree = "<group>"; };
		27B8D520258E6ACF00C5427C /* Assets.xcassets */ = {isa = PBXFileReference; lastKnownFileType = folder.assetcatalog; path = Assets.xcassets; sourceTree = "<group>"; };
		27B8D523258E6ACF00C5427C /* Preview Assets.xcassets */ = {isa = PBXFileReference; lastKnownFileType = folder.assetcatalog; path = "Preview Assets.xcassets"; sourceTree = "<group>"; };
		27B8D525258E6ACF00C5427C /* Info.plist */ = {isa = PBXFileReference; lastKnownFileType = text.plist.xml; path = Info.plist; sourceTree = "<group>"; };
		27B8D553258E6F6E00C5427C /* Question.swift */ = {isa = PBXFileReference; fileEncoding = 4; lastKnownFileType = sourcecode.swift; path = Question.swift; sourceTree = "<group>"; };
		27B8D555258E6F6E00C5427C /* OutlineButtonStyle.swift */ = {isa = PBXFileReference; fileEncoding = 4; lastKnownFileType = sourcecode.swift; path = OutlineButtonStyle.swift; sourceTree = "<group>"; };
		27B8D557258E6F6E00C5427C /* MTRadio.swift */ = {isa = PBXFileReference; fileEncoding = 4; lastKnownFileType = sourcecode.swift; path = MTRadio.swift; sourceTree = "<group>"; };
		27B8D558258E6F6E00C5427C /* MTCheckbox.swift */ = {isa = PBXFileReference; fileEncoding = 4; lastKnownFileType = sourcecode.swift; path = MTCheckbox.swift; sourceTree = "<group>"; };
		27B8D55A258E6F6E00C5427C /* SelectView.swift */ = {isa = PBXFileReference; fileEncoding = 4; lastKnownFileType = sourcecode.swift; path = SelectView.swift; sourceTree = "<group>"; };
		27B8D55B258E6F6E00C5427C /* ResultView.swift */ = {isa = PBXFileReference; fileEncoding = 4; lastKnownFileType = sourcecode.swift; path = ResultView.swift; sourceTree = "<group>"; };
		27B8D55C258E6F6E00C5427C /* QuizView.swift */ = {isa = PBXFileReference; fileEncoding = 4; lastKnownFileType = sourcecode.swift; path = QuizView.swift; sourceTree = "<group>"; };
		27B8D55E258E6F6E00C5427C /* View.swift */ = {isa = PBXFileReference; fileEncoding = 4; lastKnownFileType = sourcecode.swift; path = View.swift; sourceTree = "<group>"; };
/* End PBXFileReference section */

/* Begin PBXFrameworksBuildPhase section */
		27B8D516258E6ACE00C5427C /* Frameworks */ = {
			isa = PBXFrameworksBuildPhase;
			buildActionMask = 2147483647;
			files = (
			);
			runOnlyForDeploymentPostprocessing = 0;
		};
/* End PBXFrameworksBuildPhase section */

/* Begin PBXGroup section */
		27B8D510258E6ACE00C5427C = {
			isa = PBXGroup;
			children = (
				27B8D51B258E6ACE00C5427C /* MultiplicationTables-SwiftUI */,
				27B8D51A258E6ACE00C5427C /* Products */,
			);
			sourceTree = "<group>";
		};
		27B8D51A258E6ACE00C5427C /* Products */ = {
			isa = PBXGroup;
			children = (
				27B8D519258E6ACE00C5427C /* MultiplicationTables-SwiftUI.app */,
			);
			name = Products;
			sourceTree = "<group>";
		};
		27B8D51B258E6ACE00C5427C /* MultiplicationTables-SwiftUI */ = {
			isa = PBXGroup;
			children = (
				27B8D554258E6F6E00C5427C /* ButtonStyles */,
				27B8D55D258E6F6E00C5427C /* Extensions */,
				27B8D552258E6F6E00C5427C /* Model */,
				27B8D559258E6F6E00C5427C /* Screens */,
				27B8D556258E6F6E00C5427C /* Views */,
				27B8D51C258E6ACE00C5427C /* MultiplicationTables_SwiftUIApp.swift */,
				27B8D51E258E6ACE00C5427C /* ContentView.swift */,
				27B8D520258E6ACF00C5427C /* Assets.xcassets */,
				27B8D525258E6ACF00C5427C /* Info.plist */,
				27B8D522258E6ACF00C5427C /* Preview Content */,
			);
			path = "MultiplicationTables-SwiftUI";
			sourceTree = "<group>";
		};
		27B8D522258E6ACF00C5427C /* Preview Content */ = {
			isa = PBXGroup;
			children = (
				27B8D523258E6ACF00C5427C /* Preview Assets.xcassets */,
			);
			path = "Preview Content";
			sourceTree = "<group>";
		};
		27B8D552258E6F6E00C5427C /* Model */ = {
			isa = PBXGroup;
			children = (
				27B8D553258E6F6E00C5427C /* Question.swift */,
			);
			path = Model;
			sourceTree = "<group>";
		};
		27B8D554258E6F6E00C5427C /* ButtonStyles */ = {
			isa = PBXGroup;
			children = (
				27B8D555258E6F6E00C5427C /* OutlineButtonStyle.swift */,
			);
			path = ButtonStyles;
			sourceTree = "<group>";
		};
		27B8D556258E6F6E00C5427C /* Views */ = {
			isa = PBXGroup;
			children = (
				27B8D557258E6F6E00C5427C /* MTRadio.swift */,
				27B8D558258E6F6E00C5427C /* MTCheckbox.swift */,
			);
			path = Views;
			sourceTree = "<group>";
		};
		27B8D559258E6F6E00C5427C /* Screens */ = {
			isa = PBXGroup;
			children = (
				27B8D55A258E6F6E00C5427C /* SelectView.swift */,
				27B8D55B258E6F6E00C5427C /* ResultView.swift */,
				27B8D55C258E6F6E00C5427C /* QuizView.swift */,
			);
			path = Screens;
			sourceTree = "<group>";
		};
		27B8D55D258E6F6E00C5427C /* Extensions */ = {
			isa = PBXGroup;
			children = (
				27B8D55E258E6F6E00C5427C /* View.swift */,
			);
			path = Extensions;
			sourceTree = "<group>";
		};
/* End PBXGroup section */

/* Begin PBXNativeTarget section */
		27B8D518258E6ACE00C5427C /* MultiplicationTables-SwiftUI */ = {
			isa = PBXNativeTarget;
			buildConfigurationList = 27B8D528258E6ACF00C5427C /* Build configuration list for PBXNativeTarget "MultiplicationTables-SwiftUI" */;
			buildPhases = (
				27B8D515258E6ACE00C5427C /* Sources */,
				27B8D516258E6ACE00C5427C /* Frameworks */,
				27B8D517258E6ACE00C5427C /* Resources */,
			);
			buildRules = (
			);
			dependencies = (
			);
			name = "MultiplicationTables-SwiftUI";
			productName = "MultiplicationTables-SwiftUI";
			productReference = 27B8D519258E6ACE00C5427C /* MultiplicationTables-SwiftUI.app */;
			productType = "com.apple.product-type.application";
		};
/* End PBXNativeTarget section */

/* Begin PBXProject section */
		27B8D511258E6ACE00C5427C /* Project object */ = {
			isa = PBXProject;
			attributes = {
				LastSwiftUpdateCheck = 1230;
				LastUpgradeCheck = 1230;
				TargetAttributes = {
					27B8D518258E6ACE00C5427C = {
						CreatedOnToolsVersion = 12.3;
					};
				};
			};
			buildConfigurationList = 27B8D514258E6ACE00C5427C /* Build configuration list for PBXProject "MultiplicationTables-SwiftUI" */;
			compatibilityVersion = "Xcode 9.3";
			developmentRegion = en;
			hasScannedForEncodings = 0;
			knownRegions = (
				en,
				Base,
			);
			mainGroup = 27B8D510258E6ACE00C5427C;
			productRefGroup = 27B8D51A258E6ACE00C5427C /* Products */;
			projectDirPath = "";
			projectRoot = "";
			targets = (
				27B8D518258E6ACE00C5427C /* MultiplicationTables-SwiftUI */,
			);
		};
/* End PBXProject section */

/* Begin PBXResourcesBuildPhase section */
		27B8D517258E6ACE00C5427C /* Resources */ = {
			isa = PBXResourcesBuildPhase;
			buildActionMask = 2147483647;
			files = (
				27B8D524258E6ACF00C5427C /* Preview Assets.xcassets in Resources */,
				27B8D521258E6ACF00C5427C /* Assets.xcassets in Resources */,
			);
			runOnlyForDeploymentPostprocessing = 0;
		};
/* End PBXResourcesBuildPhase section */

/* Begin PBXSourcesBuildPhase section */
		27B8D515258E6ACE00C5427C /* Sources */ = {
			isa = PBXSourcesBuildPhase;
			buildActionMask = 2147483647;
			files = (
				27B8D560258E6F6E00C5427C /* OutlineButtonStyle.swift in Sources */,
				27B8D51F258E6ACE00C5427C /* ContentView.swift in Sources */,
				27B8D562258E6F6E00C5427C /* MTCheckbox.swift in Sources */,
				27B8D565258E6F6E00C5427C /* QuizView.swift in Sources */,
				27B8D561258E6F6E00C5427C /* MTRadio.swift in Sources */,
				27B8D564258E6F6E00C5427C /* ResultView.swift in Sources */,
				27B8D563258E6F6E00C5427C /* SelectView.swift in Sources */,
				27B8D51D258E6ACE00C5427C /* MultiplicationTables_SwiftUIApp.swift in Sources */,
				27B8D55F258E6F6E00C5427C /* Question.swift in Sources */,
				27B8D566258E6F6E00C5427C /* View.swift in Sources */,
			);
			runOnlyForDeploymentPostprocessing = 0;
		};
/* End PBXSourcesBuildPhase section */

/* Begin XCBuildConfiguration section */
		27B8D526258E6ACF00C5427C /* Debug */ = {
			isa = XCBuildConfiguration;
			buildSettings = {
				ALWAYS_SEARCH_USER_PATHS = NO;
				CLANG_ANALYZER_NONNULL = YES;
				CLANG_ANALYZER_NUMBER_OBJECT_CONVERSION = YES_AGGRESSIVE;
				CLANG_CXX_LANGUAGE_STANDARD = "gnu++14";
				CLANG_CXX_LIBRARY = "libc++";
				CLANG_ENABLE_MODULES = YES;
				CLANG_ENABLE_OBJC_ARC = YES;
				CLANG_ENABLE_OBJC_WEAK = YES;
				CLANG_WARN_BLOCK_CAPTURE_AUTORELEASING = YES;
				CLANG_WARN_BOOL_CONVERSION = YES;
				CLANG_WARN_COMMA = YES;
				CLANG_WARN_CONSTANT_CONVERSION = YES;
				CLANG_WARN_DEPRECATED_OBJC_IMPLEMENTATIONS = YES;
				CLANG_WARN_DIRECT_OBJC_ISA_USAGE = YES_ERROR;
				CLANG_WARN_DOCUMENTATION_COMMENTS = YES;
				CLANG_WARN_EMPTY_BODY = YES;
				CLANG_WARN_ENUM_CONVERSION = YES;
				CLANG_WARN_INFINITE_RECURSION = YES;
				CLANG_WARN_INT_CONVERSION = YES;
				CLANG_WARN_NON_LITERAL_NULL_CONVERSION = YES;
				CLANG_WARN_OBJC_IMPLICIT_RETAIN_SELF = YES;
				CLANG_WARN_OBJC_LITERAL_CONVERSION = YES;
				CLANG_WARN_OBJC_ROOT_CLASS = YES_ERROR;
				CLANG_WARN_QUOTED_INCLUDE_IN_FRAMEWORK_HEADER = YES;
				CLANG_WARN_RANGE_LOOP_ANALYSIS = YES;
				CLANG_WARN_STRICT_PROTOTYPES = YES;
				CLANG_WARN_SUSPICIOUS_MOVE = YES;
				CLANG_WARN_UNGUARDED_AVAILABILITY = YES_AGGRESSIVE;
				CLANG_WARN_UNREACHABLE_CODE = YES;
				CLANG_WARN__DUPLICATE_METHOD_MATCH = YES;
				COPY_PHASE_STRIP = NO;
				DEBUG_INFORMATION_FORMAT = dwarf;
				ENABLE_STRICT_OBJC_MSGSEND = YES;
				ENABLE_TESTABILITY = YES;
				GCC_C_LANGUAGE_STANDARD = gnu11;
				GCC_DYNAMIC_NO_PIC = NO;
				GCC_NO_COMMON_BLOCKS = YES;
				GCC_OPTIMIZATION_LEVEL = 0;
				GCC_PREPROCESSOR_DEFINITIONS = (
					"DEBUG=1",
					"$(inherited)",
				);
				GCC_WARN_64_TO_32_BIT_CONVERSION = YES;
				GCC_WARN_ABOUT_RETURN_TYPE = YES_ERROR;
				GCC_WARN_UNDECLARED_SELECTOR = YES;
				GCC_WARN_UNINITIALIZED_AUTOS = YES_AGGRESSIVE;
				GCC_WARN_UNUSED_FUNCTION = YES;
				GCC_WARN_UNUSED_VARIABLE = YES;
				IPHONEOS_DEPLOYMENT_TARGET = 14.3;
				MTL_ENABLE_DEBUG_INFO = INCLUDE_SOURCE;
				MTL_FAST_MATH = YES;
				ONLY_ACTIVE_ARCH = YES;
				SDKROOT = iphoneos;
				SWIFT_ACTIVE_COMPILATION_CONDITIONS = DEBUG;
				SWIFT_OPTIMIZATION_LEVEL = "-Onone";
			};
			name = Debug;
		};
		27B8D527258E6ACF00C5427C /* Release */ = {
			isa = XCBuildConfiguration;
			buildSettings = {
				ALWAYS_SEARCH_USER_PATHS = NO;
				CLANG_ANALYZER_NONNULL = YES;
				CLANG_ANALYZER_NUMBER_OBJECT_CONVERSION = YES_AGGRESSIVE;
				CLANG_CXX_LANGUAGE_STANDARD = "gnu++14";
				CLANG_CXX_LIBRARY = "libc++";
				CLANG_ENABLE_MODULES = YES;
				CLANG_ENABLE_OBJC_ARC = YES;
				CLANG_ENABLE_OBJC_WEAK = YES;
				CLANG_WARN_BLOCK_CAPTURE_AUTORELEASING = YES;
				CLANG_WARN_BOOL_CONVERSION = YES;
				CLANG_WARN_COMMA = YES;
				CLANG_WARN_CONSTANT_CONVERSION = YES;
				CLANG_WARN_DEPRECATED_OBJC_IMPLEMENTATIONS = YES;
				CLANG_WARN_DIRECT_OBJC_ISA_USAGE = YES_ERROR;
				CLANG_WARN_DOCUMENTATION_COMMENTS = YES;
				CLANG_WARN_EMPTY_BODY = YES;
				CLANG_WARN_ENUM_CONVERSION = YES;
				CLANG_WARN_INFINITE_RECURSION = YES;
				CLANG_WARN_INT_CONVERSION = YES;
				CLANG_WARN_NON_LITERAL_NULL_CONVERSION = YES;
				CLANG_WARN_OBJC_IMPLICIT_RETAIN_SELF = YES;
				CLANG_WARN_OBJC_LITERAL_CONVERSION = YES;
				CLANG_WARN_OBJC_ROOT_CLASS = YES_ERROR;
				CLANG_WARN_QUOTED_INCLUDE_IN_FRAMEWORK_HEADER = YES;
				CLANG_WARN_RANGE_LOOP_ANALYSIS = YES;
				CLANG_WARN_STRICT_PROTOTYPES = YES;
				CLANG_WARN_SUSPICIOUS_MOVE = YES;
				CLANG_WARN_UNGUARDED_AVAILABILITY = YES_AGGRESSIVE;
				CLANG_WARN_UNREACHABLE_CODE = YES;
				CLANG_WARN__DUPLICATE_METHOD_MATCH = YES;
				COPY_PHASE_STRIP = NO;
				DEBUG_INFORMATION_FORMAT = "dwarf-with-dsym";
				ENABLE_NS_ASSERTIONS = NO;
				ENABLE_STRICT_OBJC_MSGSEND = YES;
				GCC_C_LANGUAGE_STANDARD = gnu11;
				GCC_NO_COMMON_BLOCKS = YES;
				GCC_WARN_64_TO_32_BIT_CONVERSION = YES;
				GCC_WARN_ABOUT_RETURN_TYPE = YES_ERROR;
				GCC_WARN_UNDECLARED_SELECTOR = YES;
				GCC_WARN_UNINITIALIZED_AUTOS = YES_AGGRESSIVE;
				GCC_WARN_UNUSED_FUNCTION = YES;
				GCC_WARN_UNUSED_VARIABLE = YES;
				IPHONEOS_DEPLOYMENT_TARGET = 14.3;
				MTL_ENABLE_DEBUG_INFO = NO;
				MTL_FAST_MATH = YES;
				SDKROOT = iphoneos;
				SWIFT_COMPILATION_MODE = wholemodule;
				SWIFT_OPTIMIZATION_LEVEL = "-O";
				VALIDATE_PRODUCT = YES;
			};
			name = Release;
		};
		27B8D529258E6ACF00C5427C /* Debug */ = {
			isa = XCBuildConfiguration;
			buildSettings = {
				ASSETCATALOG_COMPILER_APPICON_NAME = AppIcon;
				ASSETCATALOG_COMPILER_GLOBAL_ACCENT_COLOR_NAME = AccentColor;
				CODE_SIGN_STYLE = Automatic;
				DEVELOPMENT_ASSET_PATHS = "\"MultiplicationTables-SwiftUI/Preview Content\"";
				DEVELOPMENT_TEAM = 87NU98GSKZ;
				ENABLE_PREVIEWS = YES;
				INFOPLIST_FILE = "MultiplicationTables-SwiftUI/Info.plist";
				IPHONEOS_DEPLOYMENT_TARGET = 14.0;
				LD_RUNPATH_SEARCH_PATHS = (
					"$(inherited)",
					"@executable_path/Frameworks",
				);
				PRODUCT_BUNDLE_IDENTIFIER = "com.mikejarosch.MultiplicationTables-SwiftUI";
				PRODUCT_NAME = "$(TARGET_NAME)";
				SWIFT_VERSION = 5.0;
				TARGETED_DEVICE_FAMILY = "1,2";
			};
			name = Debug;
		};
		27B8D52A258E6ACF00C5427C /* Release */ = {
			isa = XCBuildConfiguration;
			buildSettings = {
				ASSETCATALOG_COMPILER_APPICON_NAME = AppIcon;
				ASSETCATALOG_COMPILER_GLOBAL_ACCENT_COLOR_NAME = AccentColor;
				CODE_SIGN_STYLE = Automatic;
				DEVELOPMENT_ASSET_PATHS = "\"MultiplicationTables-SwiftUI/Preview Content\"";
				DEVELOPMENT_TEAM = 87NU98GSKZ;
				ENABLE_PREVIEWS = YES;
				INFOPLIST_FILE = "MultiplicationTables-SwiftUI/Info.plist";
				IPHONEOS_DEPLOYMENT_TARGET = 14.0;
				LD_RUNPATH_SEARCH_PATHS = (
					"$(inherited)",
					"@executable_path/Frameworks",
				);
				PRODUCT_BUNDLE_IDENTIFIER = "com.mikejarosch.MultiplicationTables-SwiftUI";
				PRODUCT_NAME = "$(TARGET_NAME)";
				SWIFT_VERSION = 5.0;
				TARGETED_DEVICE_FAMILY = "1,2";
			};
			name = Release;
		};
/* End XCBuildConfiguration section */

/* Begin XCConfigurationList section */
		27B8D514258E6ACE00C5427C /* Build configuration list for PBXProject "MultiplicationTables-SwiftUI" */ = {
			isa = XCConfigurationList;
			buildConfigurations = (
				27B8D526258E6ACF00C5427C /* Debug */,
				27B8D527258E6ACF00C5427C /* Release */,
			);
			defaultConfigurationIsVisible = 0;
			defaultConfigurationName = Release;
		};
		27B8D528258E6ACF00C5427C /* Build configuration list for PBXNativeTarget "MultiplicationTables-SwiftUI" */ = {
			isa = XCConfigurationList;
			buildConfigurations = (
				27B8D529258E6ACF00C5427C /* Debug */,
				27B8D52A258E6ACF00C5427C /* Release */,
			);
			defaultConfigurationIsVisible = 0;
			defaultConfigurationName = Release;
		};
/* End XCConfigurationList section */
	};
	rootObject = 27B8D511258E6ACE00C5427C /* Project object */;
}
